
Microsoft Visual Studio Solution File, Format Version 12.00
# Visual Studio Version 17
VisualStudioVersion = 17.7.34202.233
MinimumVisualStudioVersion = 10.0.40219.1
Project("{F14B399A-7131-4C87-9E4B-1186C45EF12D}") = "Testing and Discovery", "Testing & Discovery\Testing and Discovery.rptproj", "{94C49528-6FC8-4F4D-8D05-E3692520C337}"
EndProject
Global
	GlobalSection(SolutionConfigurationPlatforms) = preSolution
		Debug|Default = Debug|Default
		DebugLocal|Default = DebugLocal|Default
		Release|Default = Release|Default
	EndGlobalSection
	GlobalSection(ProjectConfigurationPlatforms) = postSolution
		{94C49528-6FC8-4F4D-8D05-E3692520C337}.Debug|Default.ActiveCfg = Debug
		{94C49528-6FC8-4F4D-8D05-E3692520C337}.Debug|Default.Build.0 = Debug
		{94C49528-6FC8-4F4D-8D05-E3692520C337}.Debug|Default.Deploy.0 = Debug
		{94C49528-6FC8-4F4D-8D05-E3692520C337}.DebugLocal|Default.ActiveCfg = DebugLocal
		{94C49528-6FC8-4F4D-8D05-E3692520C337}.DebugLocal|Default.Build.0 = DebugLocal
		{94C49528-6FC8-4F4D-8D05-E3692520C337}.Release|Default.ActiveCfg = Release
		{94C49528-6FC8-4F4D-8D05-E3692520C337}.Release|Default.Build.0 = Release
		{94C49528-6FC8-4F4D-8D05-E3692520C337}.Release|Default.Deploy.0 = Release
	EndGlobalSection
	GlobalSection(SolutionProperties) = preSolution
		HideSolutionNode = FALSE
	EndGlobalSection
	GlobalSection(ExtensibilityGlobals) = postSolution
		SolutionGuid = {396029D3-D7A2-4FAC-A253-31D2B703F6B7}
	EndGlobalSection
EndGlobal
